
Microsoft Visual Studio Solution File, Format Version 12.00
# Visual Studio 15
VisualStudioVersion = 15.0.28010.2036
MinimumVisualStudioVersion = 10.0.40219.1
Project("{FAE04EC0-301F-11D3-BF4B-00C04F79EFBC}") = "InsertionSort", "InsertionSort\InsertionSort.csproj", "{D575C400-B118-42B0-AAF4-2C1B81A75B8B}"
EndProject
Global
	GlobalSection(SolutionConfigurationPlatforms) = preSolution
		Debug|Any CPU = Debug|Any CPU
		Release|Any CPU = Release|Any CPU
	EndGlobalSection
	GlobalSection(ProjectConfigurationPlatforms) = postSolution
		{D575C400-B118-42B0-AAF4-2C1B81A75B8B}.Debug|Any CPU.ActiveCfg = Debug|Any CPU
		{D575C400-B118-42B0-AAF4-2C1B81A75B8B}.Debug|Any CPU.Build.0 = Debug|Any CPU
		{D575C400-B118-42B0-AAF4-2C1B81A75B8B}.Release|Any CPU.ActiveCfg = Release|Any CPU
		{D575C400-B118-42B0-AAF4-2C1B81A75B8B}.Release|Any CPU.Build.0 = Release|Any CPU
	EndGlobalSection
	GlobalSection(SolutionProperties) = preSolution
		HideSolutionNode = FALSE
	EndGlobalSection
	GlobalSection(ExtensibilityGlobals) = postSolution
		SolutionGuid = {9C1EA44E-D7E1-486E-A588-4FFAB5EF0D29}
	EndGlobalSection
EndGlobal
