
Microsoft Visual Studio Solution File, Format Version 12.00
# Visual Studio 15
VisualStudioVersion = 15.0.28010.2036
MinimumVisualStudioVersion = 10.0.40219.1
Project("{FAE04EC0-301F-11D3-BF4B-00C04F79EFBC}") = "LinkedList", "LinkedList\LinkedList.csproj", "{37B0E882-D2CC-44C0-9E78-9BD13C9265C2}"
EndProject
Project("{FAE04EC0-301F-11D3-BF4B-00C04F79EFBC}") = "LinkedListTest", "LinkedListTest\LinkedListTest.csproj", "{579EC1F6-37AC-4438-AAD4-525901705424}"
	ProjectSection(ProjectDependencies) = postProject
		{37B0E882-D2CC-44C0-9E78-9BD13C9265C2} = {37B0E882-D2CC-44C0-9E78-9BD13C9265C2}
	EndProjectSection
EndProject
Global
	GlobalSection(SolutionConfigurationPlatforms) = preSolution
		Debug|Any CPU = Debug|Any CPU
		Release|Any CPU = Release|Any CPU
	EndGlobalSection
	GlobalSection(ProjectConfigurationPlatforms) = postSolution
		{37B0E882-D2CC-44C0-9E78-9BD13C9265C2}.Debug|Any CPU.ActiveCfg = Debug|Any CPU
		{37B0E882-D2CC-44C0-9E78-9BD13C9265C2}.Debug|Any CPU.Build.0 = Debug|Any CPU
		{37B0E882-D2CC-44C0-9E78-9BD13C9265C2}.Release|Any CPU.ActiveCfg = Release|Any CPU
		{37B0E882-D2CC-44C0-9E78-9BD13C9265C2}.Release|Any CPU.Build.0 = Release|Any CPU
		{579EC1F6-37AC-4438-AAD4-525901705424}.Debug|Any CPU.ActiveCfg = Debug|Any CPU
		{579EC1F6-37AC-4438-AAD4-525901705424}.Debug|Any CPU.Build.0 = Debug|Any CPU
		{579EC1F6-37AC-4438-AAD4-525901705424}.Release|Any CPU.ActiveCfg = Release|Any CPU
		{579EC1F6-37AC-4438-AAD4-525901705424}.Release|Any CPU.Build.0 = Release|Any CPU
	EndGlobalSection
	GlobalSection(SolutionProperties) = preSolution
		HideSolutionNode = FALSE
	EndGlobalSection
	GlobalSection(ExtensibilityGlobals) = postSolution
		SolutionGuid = {3BB00271-A5BB-4D2E-965A-2C3F356D3498}
	EndGlobalSection
EndGlobal
