
Microsoft Visual Studio Solution File, Format Version 12.00
# Visual Studio 15
VisualStudioVersion = 15.0.28010.2036
MinimumVisualStudioVersion = 10.0.40219.1
Project("{9A19103F-16F7-4668-BE54-9A1E7A4F7556}") = "StacksAndQueues", "StacksAndQueues\StacksAndQueues.csproj", "{B1A5DCB8-FC87-4E86-900F-E1DB938CF6F7}"
EndProject
Project("{FAE04EC0-301F-11D3-BF4B-00C04F79EFBC}") = "StackQueueTest", "StackQueueTest\StackQueueTest.csproj", "{3A3C72CB-10BD-40ED-B76A-E74C6760F2D5}"
EndProject
Global
	GlobalSection(SolutionConfigurationPlatforms) = preSolution
		Debug|Any CPU = Debug|Any CPU
		Release|Any CPU = Release|Any CPU
	EndGlobalSection
	GlobalSection(ProjectConfigurationPlatforms) = postSolution
		{B1A5DCB8-FC87-4E86-900F-E1DB938CF6F7}.Debug|Any CPU.ActiveCfg = Debug|Any CPU
		{B1A5DCB8-FC87-4E86-900F-E1DB938CF6F7}.Debug|Any CPU.Build.0 = Debug|Any CPU
		{B1A5DCB8-FC87-4E86-900F-E1DB938CF6F7}.Release|Any CPU.ActiveCfg = Release|Any CPU
		{B1A5DCB8-FC87-4E86-900F-E1DB938CF6F7}.Release|Any CPU.Build.0 = Release|Any CPU
		{3A3C72CB-10BD-40ED-B76A-E74C6760F2D5}.Debug|Any CPU.ActiveCfg = Debug|Any CPU
		{3A3C72CB-10BD-40ED-B76A-E74C6760F2D5}.Debug|Any CPU.Build.0 = Debug|Any CPU
		{3A3C72CB-10BD-40ED-B76A-E74C6760F2D5}.Release|Any CPU.ActiveCfg = Release|Any CPU
		{3A3C72CB-10BD-40ED-B76A-E74C6760F2D5}.Release|Any CPU.Build.0 = Release|Any CPU
	EndGlobalSection
	GlobalSection(SolutionProperties) = preSolution
		HideSolutionNode = FALSE
	EndGlobalSection
	GlobalSection(ExtensibilityGlobals) = postSolution
		SolutionGuid = {530D568C-FB1C-40A3-9B65-3BD02D10B687}
	EndGlobalSection
EndGlobal
